Microsoft Visual Studio Solution File, Format Version 12.00
# Visual Studio Version 17
VisualStudioVersion = 17.5.2.0
MinimumVisualStudioVersion = 10.0.40219.1
Project("{FAE04EC0-301F-11D3-BF4B-00C04F79EFBC}") = "SchoolOrganizer", "SchoolOrganizer.csproj", "{93C48EC5-4CC4-3E15-9A7D-AE4044C9C36A}"
EndProject
Global
	GlobalSection(SolutionConfigurationPlatforms) = preSolution
		Debug|Any CPU = Debug|Any CPU
		Release|Any CPU = Release|Any CPU
	EndGlobalSection
	GlobalSection(ProjectConfigurationPlatforms) = postSolution
		{93C48EC5-4CC4-3E15-9A7D-AE4044C9C36A}.Debug|Any CPU.ActiveCfg = Debug|Any CPU
		{93C48EC5-4CC4-3E15-9A7D-AE4044C9C36A}.Debug|Any CPU.Build.0 = Debug|Any CPU
		{93C48EC5-4CC4-3E15-9A7D-AE4044C9C36A}.Release|Any CPU.ActiveCfg = Release|Any CPU
		{93C48EC5-4CC4-3E15-9A7D-AE4044C9C36A}.Release|Any CPU.Build.0 = Release|Any CPU
	EndGlobalSection
	GlobalSection(SolutionProperties) = preSolution
		HideSolutionNode = FALSE
	EndGlobalSection
	GlobalSection(ExtensibilityGlobals) = postSolution
		SolutionGuid = {2DE58B0E-78F7-41C2-9184-926AAC59D59D}
	EndGlobalSection
EndGlobal
